
Microsoft Visual Studio Solution File, Format Version 12.00
# Visual Studio Version 16
VisualStudioVersion = 16.0.34031.81
MinimumVisualStudioVersion = 10.0.40219.1
Project("{2150E333-8FDC-42A3-9474-1A3956D46DE8}") = "Task0", "Task0", "{45F471CB-B814-4479-969A-23B39D313F0B}"
EndProject
Project("{FAE04EC0-301F-11D3-BF4B-00C04F79EFBC}") = "Tyuiu.KaverinED.Sprint2.Task0.V1", "Tyuiu.KaverinED.Sprint2.Task0.V1\Tyuiu.KaverinED.Sprint2.Task0.V1.csproj", "{5A041C44-15D3-4CB5-937A-F4CF71B6EEE8}"
EndProject
Project("{FAE04EC0-301F-11D3-BF4B-00C04F79EFBC}") = "Tyuiu.KaverinED.Sprint2.Task0.V1.Lib", "Tyuiu.KaverinED.Sprint2.Task0.V1.Lib\Tyuiu.KaverinED.Sprint2.Task0.V1.Lib.csproj", "{B292CC2A-410E-455E-849B-A8DB1CF31033}"
EndProject
Project("{FAE04EC0-301F-11D3-BF4B-00C04F79EFBC}") = "Tyuiu.KaverinED.Sprint2.Task0.V1.Test", "Tyuiu.KaverinED.Sprint2.Task0.V1.Test\Tyuiu.KaverinED.Sprint2.Task0.V1.Test.csproj", "{79B90B50-CCD8-4482-968F-97B75BC7940B}"
EndProject
Project("{2150E333-8FDC-42A3-9474-1A3956D46DE8}") = "Task1", "Task1", "{2B5F801B-CB89-4641-8D30-C023C67C532A}"
EndProject
Project("{FAE04EC0-301F-11D3-BF4B-00C04F79EFBC}") = "Tyuiu.KaverinED.Sprint2.Task1.V9", "Tyuiu.KaverinED.Sprint2.Task1.V9\Tyuiu.KaverinED.Sprint2.Task1.V9.csproj", "{CFAF8128-CAA9-4443-BF0A-D0A54752934E}"
EndProject
Project("{FAE04EC0-301F-11D3-BF4B-00C04F79EFBC}") = "Tyuiu.KaverinED.Sprint2.Task1.V9.Lib", "Tyuiu.KaverinED.Sprint2.Task1.V9.Lib\Tyuiu.KaverinED.Sprint2.Task1.V9.Lib.csproj", "{9C56CE54-9C38-4F99-8AC0-E6C36DFCA328}"
EndProject
Project("{FAE04EC0-301F-11D3-BF4B-00C04F79EFBC}") = "Tyuiu.KaverinED.Sprint2.Task1.V9.Test", "Tyuiu.KaverinED.Sprint2.Task1.V9.Test\Tyuiu.KaverinED.Sprint2.Task1.V9.Test.csproj", "{880945ED-FCB3-4897-B522-32A4CBFCE0DE}"
EndProject
Project("{2150E333-8FDC-42A3-9474-1A3956D46DE8}") = "Task2", "Task2", "{D6F92724-9532-49C9-843F-C23C8DB56D23}"
EndProject
Project("{FAE04EC0-301F-11D3-BF4B-00C04F79EFBC}") = "Tyuiu.KaverinED.Sprint2.Task2.V10.Lib", "Tyuiu.KaverinED.Sprint2.Task2.V10.Lib\Tyuiu.KaverinED.Sprint2.Task2.V10.Lib.csproj", "{F53FD74D-D7F3-45BA-86CC-DDAF32B0647D}"
EndProject
Project("{FAE04EC0-301F-11D3-BF4B-00C04F79EFBC}") = "Tyuiu.KaverinED.Sprint2.Task2.V10", "Tyuiu.KaverinED.Sprint2.Task2.V10\Tyuiu.KaverinED.Sprint2.Task2.V10.csproj", "{54817597-96B3-4D39-9237-967075D29DFF}"
EndProject
Project("{FAE04EC0-301F-11D3-BF4B-00C04F79EFBC}") = "Tyuiu.KaverinED.Sprint2.Task2.V10.Test", "Tyuiu.KaverinED.Sprint2.Task2.V10.Test\Tyuiu.KaverinED.Sprint2.Task2.V10.Test.csproj", "{582DE2F4-11C1-461E-8CC8-A475C2158582}"
EndProject
Project("{2150E333-8FDC-42A3-9474-1A3956D46DE8}") = "Task3", "Task3", "{55096EB8-97FD-451B-B495-7A5D95CC2C64}"
EndProject
Project("{FAE04EC0-301F-11D3-BF4B-00C04F79EFBC}") = "Tyuiu.KaverinED.Sprint2.Task3.V10", "Tyuiu.KaverinED.Sprint2.Task3.V10\Tyuiu.KaverinED.Sprint2.Task3.V10.csproj", "{EFD2F840-72BF-47A2-982E-9D5A04BDDEB9}"
EndProject
Project("{FAE04EC0-301F-11D3-BF4B-00C04F79EFBC}") = "Tyuiu.KaverinED.Sprint2.Task3.V10.Lib", "Tyuiu.KaverinED.Sprint2.Task3.V10.Lib\Tyuiu.KaverinED.Sprint2.Task3.V10.Lib.csproj", "{6FF8614D-D8A5-414F-B900-E654B5CE9087}"
EndProject
Project("{FAE04EC0-301F-11D3-BF4B-00C04F79EFBC}") = "Tyuiu.KaverinED.Sprint2.Task3.V10.Test", "Tyuiu.KaverinED.Sprint2.Task3.V10.Test\Tyuiu.KaverinED.Sprint2.Task3.V10.Test.csproj", "{565BC556-B284-4E94-B144-C3DCE70DB5D2}"
EndProject
Global
	GlobalSection(SolutionConfigurationPlatforms) = preSolution
		Debug|Any CPU = Debug|Any CPU
		Release|Any CPU = Release|Any CPU
	EndGlobalSection
	GlobalSection(ProjectConfigurationPlatforms) = postSolution
		{5A041C44-15D3-4CB5-937A-F4CF71B6EEE8}.Debug|Any CPU.ActiveCfg = Debug|Any CPU
		{5A041C44-15D3-4CB5-937A-F4CF71B6EEE8}.Debug|Any CPU.Build.0 = Debug|Any CPU
		{5A041C44-15D3-4CB5-937A-F4CF71B6EEE8}.Release|Any CPU.ActiveCfg = Release|Any CPU
		{5A041C44-15D3-4CB5-937A-F4CF71B6EEE8}.Release|Any CPU.Build.0 = Release|Any CPU
		{B292CC2A-410E-455E-849B-A8DB1CF31033}.Debug|Any CPU.ActiveCfg = Debug|Any CPU
		{B292CC2A-410E-455E-849B-A8DB1CF31033}.Debug|Any CPU.Build.0 = Debug|Any CPU
		{B292CC2A-410E-455E-849B-A8DB1CF31033}.Release|Any CPU.ActiveCfg = Release|Any CPU
		{B292CC2A-410E-455E-849B-A8DB1CF31033}.Release|Any CPU.Build.0 = Release|Any CPU
		{79B90B50-CCD8-4482-968F-97B75BC7940B}.Debug|Any CPU.ActiveCfg = Debug|Any CPU
		{79B90B50-CCD8-4482-968F-97B75BC7940B}.Debug|Any CPU.Build.0 = Debug|Any CPU
		{79B90B50-CCD8-4482-968F-97B75BC7940B}.Release|Any CPU.ActiveCfg = Release|Any CPU
		{79B90B50-CCD8-4482-968F-97B75BC7940B}.Release|Any CPU.Build.0 = Release|Any CPU
		{CFAF8128-CAA9-4443-BF0A-D0A54752934E}.Debug|Any CPU.ActiveCfg = Debug|Any CPU
		{CFAF8128-CAA9-4443-BF0A-D0A54752934E}.Debug|Any CPU.Build.0 = Debug|Any CPU
		{CFAF8128-CAA9-4443-BF0A-D0A54752934E}.Release|Any CPU.ActiveCfg = Release|Any CPU
		{CFAF8128-CAA9-4443-BF0A-D0A54752934E}.Release|Any CPU.Build.0 = Release|Any CPU
		{9C56CE54-9C38-4F99-8AC0-E6C36DFCA328}.Debug|Any CPU.ActiveCfg = Debug|Any CPU
		{9C56CE54-9C38-4F99-8AC0-E6C36DFCA328}.Debug|Any CPU.Build.0 = Debug|Any CPU
		{9C56CE54-9C38-4F99-8AC0-E6C36DFCA328}.Release|Any CPU.ActiveCfg = Release|Any CPU
		{9C56CE54-9C38-4F99-8AC0-E6C36DFCA328}.Release|Any CPU.Build.0 = Release|Any CPU
		{880945ED-FCB3-4897-B522-32A4CBFCE0DE}.Debug|Any CPU.ActiveCfg = Debug|Any CPU
		{880945ED-FCB3-4897-B522-32A4CBFCE0DE}.Debug|Any CPU.Build.0 = Debug|Any CPU
		{880945ED-FCB3-4897-B522-32A4CBFCE0DE}.Release|Any CPU.ActiveCfg = Release|Any CPU
		{880945ED-FCB3-4897-B522-32A4CBFCE0DE}.Release|Any CPU.Build.0 = Release|Any CPU
		{F53FD74D-D7F3-45BA-86CC-DDAF32B0647D}.Debug|Any CPU.ActiveCfg = Debug|Any CPU
		{F53FD74D-D7F3-45BA-86CC-DDAF32B0647D}.Debug|Any CPU.Build.0 = Debug|Any CPU
		{F53FD74D-D7F3-45BA-86CC-DDAF32B0647D}.Release|Any CPU.ActiveCfg = Release|Any CPU
		{F53FD74D-D7F3-45BA-86CC-DDAF32B0647D}.Release|Any CPU.Build.0 = Release|Any CPU
		{54817597-96B3-4D39-9237-967075D29DFF}.Debug|Any CPU.ActiveCfg = Debug|Any CPU
		{54817597-96B3-4D39-9237-967075D29DFF}.Debug|Any CPU.Build.0 = Debug|Any CPU
		{54817597-96B3-4D39-9237-967075D29DFF}.Release|Any CPU.ActiveCfg = Release|Any CPU
		{54817597-96B3-4D39-9237-967075D29DFF}.Release|Any CPU.Build.0 = Release|Any CPU
		{582DE2F4-11C1-461E-8CC8-A475C2158582}.Debug|Any CPU.ActiveCfg = Debug|Any CPU
		{582DE2F4-11C1-461E-8CC8-A475C2158582}.Debug|Any CPU.Build.0 = Debug|Any CPU
		{582DE2F4-11C1-461E-8CC8-A475C2158582}.Release|Any CPU.ActiveCfg = Release|Any CPU
		{582DE2F4-11C1-461E-8CC8-A475C2158582}.Release|Any CPU.Build.0 = Release|Any CPU
		{EFD2F840-72BF-47A2-982E-9D5A04BDDEB9}.Debug|Any CPU.ActiveCfg = Debug|Any CPU
		{EFD2F840-72BF-47A2-982E-9D5A04BDDEB9}.Debug|Any CPU.Build.0 = Debug|Any CPU
		{EFD2F840-72BF-47A2-982E-9D5A04BDDEB9}.Release|Any CPU.ActiveCfg = Release|Any CPU
		{EFD2F840-72BF-47A2-982E-9D5A04BDDEB9}.Release|Any CPU.Build.0 = Release|Any CPU
		{6FF8614D-D8A5-414F-B900-E654B5CE9087}.Debug|Any CPU.ActiveCfg = Debug|Any CPU
		{6FF8614D-D8A5-414F-B900-E654B5CE9087}.Debug|Any CPU.Build.0 = Debug|Any CPU
		{6FF8614D-D8A5-414F-B900-E654B5CE9087}.Release|Any CPU.ActiveCfg = Release|Any CPU
		{6FF8614D-D8A5-414F-B900-E654B5CE9087}.Release|Any CPU.Build.0 = Release|Any CPU
		{565BC556-B284-4E94-B144-C3DCE70DB5D2}.Debug|Any CPU.ActiveCfg = Debug|Any CPU
		{565BC556-B284-4E94-B144-C3DCE70DB5D2}.Debug|Any CPU.Build.0 = Debug|Any CPU
		{565BC556-B284-4E94-B144-C3DCE70DB5D2}.Release|Any CPU.ActiveCfg = Release|Any CPU
		{565BC556-B284-4E94-B144-C3DCE70DB5D2}.Release|Any CPU.Build.0 = Release|Any CPU
	EndGlobalSection
	GlobalSection(SolutionProperties) = preSolution
		HideSolutionNode = FALSE
	EndGlobalSection
	GlobalSection(NestedProjects) = preSolution
		{5A041C44-15D3-4CB5-937A-F4CF71B6EEE8} = {45F471CB-B814-4479-969A-23B39D313F0B}
		{B292CC2A-410E-455E-849B-A8DB1CF31033} = {45F471CB-B814-4479-969A-23B39D313F0B}
		{79B90B50-CCD8-4482-968F-97B75BC7940B} = {45F471CB-B814-4479-969A-23B39D313F0B}
		{CFAF8128-CAA9-4443-BF0A-D0A54752934E} = {2B5F801B-CB89-4641-8D30-C023C67C532A}
		{9C56CE54-9C38-4F99-8AC0-E6C36DFCA328} = {2B5F801B-CB89-4641-8D30-C023C67C532A}
		{880945ED-FCB3-4897-B522-32A4CBFCE0DE} = {2B5F801B-CB89-4641-8D30-C023C67C532A}
		{F53FD74D-D7F3-45BA-86CC-DDAF32B0647D} = {D6F92724-9532-49C9-843F-C23C8DB56D23}
		{54817597-96B3-4D39-9237-967075D29DFF} = {D6F92724-9532-49C9-843F-C23C8DB56D23}
		{582DE2F4-11C1-461E-8CC8-A475C2158582} = {D6F92724-9532-49C9-843F-C23C8DB56D23}
		{EFD2F840-72BF-47A2-982E-9D5A04BDDEB9} = {55096EB8-97FD-451B-B495-7A5D95CC2C64}
		{6FF8614D-D8A5-414F-B900-E654B5CE9087} = {55096EB8-97FD-451B-B495-7A5D95CC2C64}
		{565BC556-B284-4E94-B144-C3DCE70DB5D2} = {55096EB8-97FD-451B-B495-7A5D95CC2C64}
	EndGlobalSection
	GlobalSection(ExtensibilityGlobals) = postSolution
		SolutionGuid = {B2B02755-3BA5-4462-AF65-250B778B410F}
	EndGlobalSection
EndGlobal
