
Microsoft Visual Studio Solution File, Format Version 12.00
# Visual Studio Version 16
VisualStudioVersion = 16.0.34031.81
MinimumVisualStudioVersion = 10.0.40219.1
Project("{2150E333-8FDC-42A3-9474-1A3956D46DE8}") = "Task0", "Task0", "{45F471CB-B814-4479-969A-23B39D313F0B}"
EndProject
Project("{FAE04EC0-301F-11D3-BF4B-00C04F79EFBC}") = "Tyuiu.KaverinED.Sprint2.Task0.V1", "Tyuiu.KaverinED.Sprint2.Task0.V1\Tyuiu.KaverinED.Sprint2.Task0.V1.csproj", "{5A041C44-15D3-4CB5-937A-F4CF71B6EEE8}"
EndProject
Project("{FAE04EC0-301F-11D3-BF4B-00C04F79EFBC}") = "Tyuiu.KaverinED.Sprint2.Task0.V1.Lib", "Tyuiu.KaverinED.Sprint2.Task0.V1.Lib\Tyuiu.KaverinED.Sprint2.Task0.V1.Lib.csproj", "{B292CC2A-410E-455E-849B-A8DB1CF31033}"
EndProject
Project("{FAE04EC0-301F-11D3-BF4B-00C04F79EFBC}") = "Tyuiu.KaverinED.Sprint2.Task0.V1.Test", "Tyuiu.KaverinED.Sprint2.Task0.V1.Test\Tyuiu.KaverinED.Sprint2.Task0.V1.Test.csproj", "{79B90B50-CCD8-4482-968F-97B75BC7940B}"
EndProject
Global
	GlobalSection(SolutionConfigurationPlatforms) = preSolution
		Debug|Any CPU = Debug|Any CPU
		Release|Any CPU = Release|Any CPU
	EndGlobalSection
	GlobalSection(ProjectConfigurationPlatforms) = postSolution
		{5A041C44-15D3-4CB5-937A-F4CF71B6EEE8}.Debug|Any CPU.ActiveCfg = Debug|Any CPU
		{5A041C44-15D3-4CB5-937A-F4CF71B6EEE8}.Debug|Any CPU.Build.0 = Debug|Any CPU
		{5A041C44-15D3-4CB5-937A-F4CF71B6EEE8}.Release|Any CPU.ActiveCfg = Release|Any CPU
		{5A041C44-15D3-4CB5-937A-F4CF71B6EEE8}.Release|Any CPU.Build.0 = Release|Any CPU
		{B292CC2A-410E-455E-849B-A8DB1CF31033}.Debug|Any CPU.ActiveCfg = Debug|Any CPU
		{B292CC2A-410E-455E-849B-A8DB1CF31033}.Debug|Any CPU.Build.0 = Debug|Any CPU
		{B292CC2A-410E-455E-849B-A8DB1CF31033}.Release|Any CPU.ActiveCfg = Release|Any CPU
		{B292CC2A-410E-455E-849B-A8DB1CF31033}.Release|Any CPU.Build.0 = Release|Any CPU
		{79B90B50-CCD8-4482-968F-97B75BC7940B}.Debug|Any CPU.ActiveCfg = Debug|Any CPU
		{79B90B50-CCD8-4482-968F-97B75BC7940B}.Debug|Any CPU.Build.0 = Debug|Any CPU
		{79B90B50-CCD8-4482-968F-97B75BC7940B}.Release|Any CPU.ActiveCfg = Release|Any CPU
		{79B90B50-CCD8-4482-968F-97B75BC7940B}.Release|Any CPU.Build.0 = Release|Any CPU
	EndGlobalSection
	GlobalSection(SolutionProperties) = preSolution
		HideSolutionNode = FALSE
	EndGlobalSection
	GlobalSection(NestedProjects) = preSolution
		{5A041C44-15D3-4CB5-937A-F4CF71B6EEE8} = {45F471CB-B814-4479-969A-23B39D313F0B}
		{B292CC2A-410E-455E-849B-A8DB1CF31033} = {45F471CB-B814-4479-969A-23B39D313F0B}
		{79B90B50-CCD8-4482-968F-97B75BC7940B} = {45F471CB-B814-4479-969A-23B39D313F0B}
	EndGlobalSection
	GlobalSection(ExtensibilityGlobals) = postSolution
		SolutionGuid = {B2B02755-3BA5-4462-AF65-250B778B410F}
	EndGlobalSection
EndGlobal
